
Microsoft Visual Studio Solution File, Format Version 12.00
# Visual Studio Version 17
VisualStudioVersion = 17.2.32630.192
MinimumVisualStudioVersion = 10.0.40219.1
Project("{9A19103F-16F7-4668-BE54-9A1E7A4F7556}") = "UniversityApiBackend", "UniversityApiBackend\UniversityApiBackend.csproj", "{6FEECD12-DE3F-41A3-B18F-9EAC8CF3279B}"
EndProject
Project("{FAE04EC0-301F-11D3-BF4B-00C04F79EFBC}") = "LinQSnippets", "LinQSnippets\LinQSnippets.csproj", "{1AF7750A-94CA-479D-88DB-B5760888D767}"
EndProject
Global
	GlobalSection(SolutionConfigurationPlatforms) = preSolution
		Debug|Any CPU = Debug|Any CPU
		Release|Any CPU = Release|Any CPU
	EndGlobalSection
	GlobalSection(ProjectConfigurationPlatforms) = postSolution
		{6FEECD12-DE3F-41A3-B18F-9EAC8CF3279B}.Debug|Any CPU.ActiveCfg = Debug|Any CPU
		{6FEECD12-DE3F-41A3-B18F-9EAC8CF3279B}.Debug|Any CPU.Build.0 = Debug|Any CPU
		{6FEECD12-DE3F-41A3-B18F-9EAC8CF3279B}.Release|Any CPU.ActiveCfg = Release|Any CPU
		{6FEECD12-DE3F-41A3-B18F-9EAC8CF3279B}.Release|Any CPU.Build.0 = Release|Any CPU
		{1AF7750A-94CA-479D-88DB-B5760888D767}.Debug|Any CPU.ActiveCfg = Debug|Any CPU
		{1AF7750A-94CA-479D-88DB-B5760888D767}.Debug|Any CPU.Build.0 = Debug|Any CPU
		{1AF7750A-94CA-479D-88DB-B5760888D767}.Release|Any CPU.ActiveCfg = Release|Any CPU
		{1AF7750A-94CA-479D-88DB-B5760888D767}.Release|Any CPU.Build.0 = Release|Any CPU
	EndGlobalSection
	GlobalSection(SolutionProperties) = preSolution
		HideSolutionNode = FALSE
	EndGlobalSection
	GlobalSection(ExtensibilityGlobals) = postSolution
		SolutionGuid = {18DA0014-AD4D-4A57-B454-497EF288A315}
	EndGlobalSection
EndGlobal
